
Microsoft Visual Studio Solution File, Format Version 12.00
# Visual Studio Version 16
VisualStudioVersion = 16.0.34407.143
MinimumVisualStudioVersion = 10.0.40219.1
Project("{FAE04EC0-301F-11D3-BF4B-00C04F79EFBC}") = "LabTask3", "LabTask3\LabTask3.csproj", "{5870B000-8EAD-4F6A-B1DE-136127976248}"
EndProject
Global
	GlobalSection(SolutionConfigurationPlatforms) = preSolution
		Debug|Any CPU = Debug|Any CPU
		Release|Any CPU = Release|Any CPU
	EndGlobalSection
	GlobalSection(ProjectConfigurationPlatforms) = postSolution
		{5870B000-8EAD-4F6A-B1DE-136127976248}.Debug|Any CPU.ActiveCfg = Debug|Any CPU
		{5870B000-8EAD-4F6A-B1DE-136127976248}.Debug|Any CPU.Build.0 = Debug|Any CPU
		{5870B000-8EAD-4F6A-B1DE-136127976248}.Release|Any CPU.ActiveCfg = Release|Any CPU
		{5870B000-8EAD-4F6A-B1DE-136127976248}.Release|Any CPU.Build.0 = Release|Any CPU
	EndGlobalSection
	GlobalSection(SolutionProperties) = preSolution
		HideSolutionNode = FALSE
	EndGlobalSection
	GlobalSection(ExtensibilityGlobals) = postSolution
		SolutionGuid = {45D0517C-1C32-4347-BDB1-B1AC2895EA4B}
	EndGlobalSection
EndGlobal
